PODS:
  - RxCocoa (6.5.0):
    - RxRelay (= 6.5.0)
    - RxSwift (= 6.5.0)
  - RxRelay (6.5.0):
    - RxSwift (= 6.5.0)
  - RxSwift (6.5.0)
  - SnapKit (4.2.0)
  - WalkthroughTutorial (1.4):
    - RxCocoa
    - RxSwift
    - SnapKit

DEPENDENCIES:
  - WalkthroughTutorial (from `../`)

SPEC REPOS:
  trunk:
    - RxCocoa
    - RxRelay
    - RxSwift
    - SnapKit

EXTERNAL SOURCES:
  WalkthroughTutorial:
    :path: "../"

SPEC CHECKSUMS:
  RxCocoa: 94f817b71c07517321eb4f9ad299112ca8af743b
  RxRelay: 1de1523e604c72b6c68feadedd1af3b1b4d0ecbd
  RxSwift: 5710a9e6b17f3c3d6e40d6e559b9fa1e813b2ef8
  SnapKit: fe8a619752f3f27075cc9a90244d75c6c3f27e2a
  WalkthroughTutorial: 0af80435c4ce4b3ad426a7785708f72bd7e8eea6

PODFILE CHECKSUM: 00bc4653df490ab74d69cb4de837a9c0e31110bc

COCOAPODS: 1.15.2
